Microsoft Visual Studio Solution File, Format Version 12.00
# Visual Studio Version 17
VisualStudioVersion = 17.5.2.0
MinimumVisualStudioVersion = 10.0.40219.1
Project("{FAE04EC0-301F-11D3-BF4B-00C04F79EFBC}") = "SsoSample.API", "SsoSample.API.csproj", "{26AADB92-0125-9BF8-1FD0-5A321E490362}"
EndProject
Global
	GlobalSection(SolutionConfigurationPlatforms) = preSolution
		Debug|Any CPU = Debug|Any CPU
		Release|Any CPU = Release|Any CPU
	EndGlobalSection
	GlobalSection(ProjectConfigurationPlatforms) = postSolution
		{26AADB92-0125-9BF8-1FD0-5A321E490362}.Debug|Any CPU.ActiveCfg = Debug|Any CPU
		{26AADB92-0125-9BF8-1FD0-5A321E490362}.Debug|Any CPU.Build.0 = Debug|Any CPU
		{26AADB92-0125-9BF8-1FD0-5A321E490362}.Release|Any CPU.ActiveCfg = Release|Any CPU
		{26AADB92-0125-9BF8-1FD0-5A321E490362}.Release|Any CPU.Build.0 = Release|Any CPU
	EndGlobalSection
	GlobalSection(SolutionProperties) = preSolution
		HideSolutionNode = FALSE
	EndGlobalSection
	GlobalSection(ExtensibilityGlobals) = postSolution
		SolutionGuid = {73583028-161A-4A00-AF29-627C5FBC47FF}
	EndGlobalSection
EndGlobal
