Microsoft Visual Studio Solution File, Format Version 12.00
# Visual Studio Version 17
VisualStudioVersion = 17.5.2.0
MinimumVisualStudioVersion = 10.0.40219.1
Project("{FAE04EC0-301F-11D3-BF4B-00C04F79EFBC}") = "SsoSample.Console", "SsoSample.Console.csproj", "{5BE52D05-A39B-4C3E-C0AB-089C1258BF0B}"
EndProject
Global
	GlobalSection(SolutionConfigurationPlatforms) = preSolution
		Debug|Any CPU = Debug|Any CPU
		Release|Any CPU = Release|Any CPU
	EndGlobalSection
	GlobalSection(ProjectConfigurationPlatforms) = postSolution
		{5BE52D05-A39B-4C3E-C0AB-089C1258BF0B}.Debug|Any CPU.ActiveCfg = Debug|Any CPU
		{5BE52D05-A39B-4C3E-C0AB-089C1258BF0B}.Debug|Any CPU.Build.0 = Debug|Any CPU
		{5BE52D05-A39B-4C3E-C0AB-089C1258BF0B}.Release|Any CPU.ActiveCfg = Release|Any CPU
		{5BE52D05-A39B-4C3E-C0AB-089C1258BF0B}.Release|Any CPU.Build.0 = Release|Any CPU
	EndGlobalSection
	GlobalSection(SolutionProperties) = preSolution
		HideSolutionNode = FALSE
	EndGlobalSection
	GlobalSection(ExtensibilityGlobals) = postSolution
		SolutionGuid = {2B74EC09-665A-4B44-97C2-E8707F9182F7}
	EndGlobalSection
EndGlobal
